
Microsoft Visual Studio Solution File, Format Version 12.00
# Visual Studio Version 16
VisualStudioVersion = 16.0.31112.23
MinimumVisualStudioVersion = 10.0.40219.1
Project("{FAE04EC0-301F-11D3-BF4B-00C04F79EFBC}") = "HolyShong", "HolyShong\HolyShong.csproj", "{02798E87-EEEC-4367-AFEB-0F6ADD7CDC5C}"
EndProject
Global
	GlobalSection(SolutionConfigurationPlatforms) = preSolution
		Debug|Any CPU = Debug|Any CPU
		Release|Any CPU = Release|Any CPU
	EndGlobalSection
	GlobalSection(ProjectConfigurationPlatforms) = postSolution
		{02798E87-EEEC-4367-AFEB-0F6ADD7CDC5C}.Debug|Any CPU.ActiveCfg = Debug|Any CPU
		{02798E87-EEEC-4367-AFEB-0F6ADD7CDC5C}.Debug|Any CPU.Build.0 = Debug|Any CPU
		{02798E87-EEEC-4367-AFEB-0F6ADD7CDC5C}.Release|Any CPU.ActiveCfg = Release|Any CPU
		{02798E87-EEEC-4367-AFEB-0F6ADD7CDC5C}.Release|Any CPU.Build.0 = Release|Any CPU
	EndGlobalSection
	GlobalSection(SolutionProperties) = preSolution
		HideSolutionNode = FALSE
	EndGlobalSection
	GlobalSection(ExtensibilityGlobals) = postSolution
		SolutionGuid = {FB769599-E46F-487A-8DD9-10525C6BB55F}
	EndGlobalSection
EndGlobal
